
Microsoft Visual Studio Solution File, Format Version 10.00
# Visual Studio 2008
Project("{E24C65DC-7377-472B-9ABA-BC803B73C61A}") = "ZXL.Exchange.Service.WebSite", "ZXL.Exchange.Service.WebSite\", "{47142899-D2C3-4FF0-B585-752E46422E6D}"
	ProjectSection(WebsiteProperties) = preProject
		TargetFramework = "3.5"
		ProjectReferences = "{FEE21DE6-F6B0-43A1-83B6-07FAC38ED50A}|ZXL.Exchange.Service.dll;"
		Debug.AspNetCompiler.VirtualPath = "/ZXL.Exchange.Service.WebSite"
		Debug.AspNetCompiler.PhysicalPath = "ZXL.Exchange.Service.WebSite\"
		Debug.AspNetCompiler.TargetPath = "PrecompiledWeb\ZXL.Exchange.Service.WebSite\"
		Debug.AspNetCompiler.Updateable = "true"
		Debug.AspNetCompiler.ForceOverwrite = "true"
		Debug.AspNetCompiler.FixedNames = "false"
		Debug.AspNetCompiler.Debug = "True"
		Release.AspNetCompiler.VirtualPath = "/ZXL.Exchange.Service.WebSite"
		Release.AspNetCompiler.PhysicalPath = "ZXL.Exchange.Service.WebSite\"
		Release.AspNetCompiler.TargetPath = "PrecompiledWeb\ZXL.Exchange.Service.WebSite\"
		Release.AspNetCompiler.Updateable = "true"
		Release.AspNetCompiler.ForceOverwrite = "true"
		Release.AspNetCompiler.FixedNames = "false"
		Release.AspNetCompiler.Debug = "False"
		VWDPort = "2852"
		DefaultWebSiteLanguage = "Visual C#"
	EndProjectSection
EndProject
Project("{FAE04EC0-301F-11D3-BF4B-00C04F79EFBC}") = "ZXL.Exchange.Service", "ZXL.Exchange.Service\ZXL.Exchange.Service.csproj", "{FEE21DE6-F6B0-43A1-83B6-07FAC38ED50A}"
EndProject
Global
	GlobalSection(SolutionConfigurationPlatforms) = preSolution
		Debug|.NET = Debug|.NET
		Debug|Any CPU = Debug|Any CPU
		Debug|Mixed Platforms = Debug|Mixed Platforms
		Release|.NET = Release|.NET
		Release|Any CPU = Release|Any CPU
		Release|Mixed Platforms = Release|Mixed Platforms
	EndGlobalSection
	GlobalSection(ProjectConfigurationPlatforms) = postSolution
		{47142899-D2C3-4FF0-B585-752E46422E6D}.Debug|.NET.ActiveCfg = Debug|.NET
		{47142899-D2C3-4FF0-B585-752E46422E6D}.Debug|.NET.Build.0 = Debug|.NET
		{47142899-D2C3-4FF0-B585-752E46422E6D}.Debug|Any CPU.ActiveCfg = Debug|.NET
		{47142899-D2C3-4FF0-B585-752E46422E6D}.Debug|Mixed Platforms.ActiveCfg = Debug|.NET
		{47142899-D2C3-4FF0-B585-752E46422E6D}.Debug|Mixed Platforms.Build.0 = Debug|.NET
		{47142899-D2C3-4FF0-B585-752E46422E6D}.Release|.NET.ActiveCfg = Debug|.NET
		{47142899-D2C3-4FF0-B585-752E46422E6D}.Release|.NET.Build.0 = Debug|.NET
		{47142899-D2C3-4FF0-B585-752E46422E6D}.Release|Any CPU.ActiveCfg = Debug|.NET
		{47142899-D2C3-4FF0-B585-752E46422E6D}.Release|Mixed Platforms.ActiveCfg = Debug|.NET
		{47142899-D2C3-4FF0-B585-752E46422E6D}.Release|Mixed Platforms.Build.0 = Debug|.NET
		{FEE21DE6-F6B0-43A1-83B6-07FAC38ED50A}.Debug|.NET.ActiveCfg = Debug|Any CPU
		{FEE21DE6-F6B0-43A1-83B6-07FAC38ED50A}.Debug|Any CPU.ActiveCfg = Debug|Any CPU
		{FEE21DE6-F6B0-43A1-83B6-07FAC38ED50A}.Debug|Any CPU.Build.0 = Debug|Any CPU
		{FEE21DE6-F6B0-43A1-83B6-07FAC38ED50A}.Debug|Mixed Platforms.ActiveCfg = Debug|Any CPU
		{FEE21DE6-F6B0-43A1-83B6-07FAC38ED50A}.Debug|Mixed Platforms.Build.0 = Debug|Any CPU
		{FEE21DE6-F6B0-43A1-83B6-07FAC38ED50A}.Release|.NET.ActiveCfg = Release|Any CPU
		{FEE21DE6-F6B0-43A1-83B6-07FAC38ED50A}.Release|Any CPU.ActiveCfg = Release|Any CPU
		{FEE21DE6-F6B0-43A1-83B6-07FAC38ED50A}.Release|Any CPU.Build.0 = Release|Any CPU
		{FEE21DE6-F6B0-43A1-83B6-07FAC38ED50A}.Release|Mixed Platforms.ActiveCfg = Release|Any CPU
		{FEE21DE6-F6B0-43A1-83B6-07FAC38ED50A}.Release|Mixed Platforms.Build.0 = Release|Any CPU
	EndGlobalSection
	GlobalSection(SolutionProperties) = preSolution
		HideSolutionNode = FALSE
	EndGlobalSection
EndGlobal
